
Microsoft Visual Studio Solution File, Format Version 12.00
# Visual Studio 2012
Project("{FAE04EC0-301F-11D3-BF4B-00C04F79EFBC}") = "SkiResortChallenge", "SkiResortChallenge\SkiResortChallenge.csproj", "{13AB0FFE-2D96-4DE1-853D-7355D8FE789B}"
EndProject
Global
	GlobalSection(SolutionConfigurationPlatforms) = preSolution
		Debug|Any CPU = Debug|Any CPU
		Release|Any CPU = Release|Any CPU
	EndGlobalSection
	GlobalSection(ProjectConfigurationPlatforms) = postSolution
		{13AB0FFE-2D96-4DE1-853D-7355D8FE789B}.Debug|Any CPU.ActiveCfg = Debug|Any CPU
		{13AB0FFE-2D96-4DE1-853D-7355D8FE789B}.Debug|Any CPU.Build.0 = Debug|Any CPU
		{13AB0FFE-2D96-4DE1-853D-7355D8FE789B}.Release|Any CPU.ActiveCfg = Release|Any CPU
		{13AB0FFE-2D96-4DE1-853D-7355D8FE789B}.Release|Any CPU.Build.0 = Release|Any CPU
	EndGlobalSection
EndGlobal
